
Microsoft Visual Studio Solution File, Format Version 12.00
# Visual Studio 2013
VisualStudioVersion = 12.0.21005.1
MinimumVisualStudioVersion = 10.0.40219.1
Project("{FAE04EC0-301F-11D3-BF4B-00C04F79EFBC}") = "Mono.WebServer", "src\Mono.WebServer\Mono.WebServer.csproj", "{5339C36C-A524-44CE-93BD-59A79F57B346}"
EndProject
Project("{FAE04EC0-301F-11D3-BF4B-00C04F79EFBC}") = "Mono.WebServer.XSP", "src\Mono.WebServer.XSP\Mono.WebServer.XSP.csproj", "{0EACA9B4-922A-45AA-A59B-EEBAC752E9E0}"
EndProject
Project("{FAE04EC0-301F-11D3-BF4B-00C04F79EFBC}") = "LatestVersion", "LatestVersion\LatestVersion.csproj", "{E29B5F82-9D27-4FE5-AD00-23F6D7CD06E6}"
EndProject
Project("{FAE04EC0-301F-11D3-BF4B-00C04F79EFBC}") = "TestApplication", "TestApplication\TestApplication.csproj", "{CEED064C-EE1F-48FD-A440-AE7AFF33F98E}"
EndProject
Project("{FAE04EC0-301F-11D3-BF4B-00C04F79EFBC}") = "MonoDeps", "MonoDeps\MonoDeps.csproj", "{64823A76-9DA2-4D55-BBAD-4FCF522A02B4}"
EndProject
Project("{FAE04EC0-301F-11D3-BF4B-00C04F79EFBC}") = "MvcTestApplication", "MvcTestApplication\MvcTestApplication.csproj", "{5695ADF2-1FF8-443A-B13D-B057C197ED37}"
EndProject
Global
	GlobalSection(SolutionConfigurationPlatforms) = preSolution
		Debug|Any CPU = Debug|Any CPU
		Debug-3.5|Any CPU = Debug-3.5|Any CPU
		Release|Any CPU = Release|Any CPU
		Release-3.5|Any CPU = Release-3.5|Any CPU
	EndGlobalSection
	GlobalSection(ProjectConfigurationPlatforms) = postSolution
		{5339C36C-A524-44CE-93BD-59A79F57B346}.Debug|Any CPU.ActiveCfg = Debug|Any CPU
		{5339C36C-A524-44CE-93BD-59A79F57B346}.Debug|Any CPU.Build.0 = Debug|Any CPU
		{5339C36C-A524-44CE-93BD-59A79F57B346}.Debug-3.5|Any CPU.ActiveCfg = Debug-3.5|Any CPU
		{5339C36C-A524-44CE-93BD-59A79F57B346}.Debug-3.5|Any CPU.Build.0 = Debug-3.5|Any CPU
		{5339C36C-A524-44CE-93BD-59A79F57B346}.Release|Any CPU.ActiveCfg = Release|Any CPU
		{5339C36C-A524-44CE-93BD-59A79F57B346}.Release|Any CPU.Build.0 = Release|Any CPU
		{5339C36C-A524-44CE-93BD-59A79F57B346}.Release-3.5|Any CPU.ActiveCfg = Release-3.5|Any CPU
		{5339C36C-A524-44CE-93BD-59A79F57B346}.Release-3.5|Any CPU.Build.0 = Release-3.5|Any CPU
		{5339C36C-A524-44CE-93BD-59A79F57B346}.Release-3.5|Any CPU.Deploy.0 = Release-3.5|Any CPU
		{0EACA9B4-922A-45AA-A59B-EEBAC752E9E0}.Debug|Any CPU.ActiveCfg = Debug|Any CPU
		{0EACA9B4-922A-45AA-A59B-EEBAC752E9E0}.Debug|Any CPU.Build.0 = Debug|Any CPU
		{0EACA9B4-922A-45AA-A59B-EEBAC752E9E0}.Debug-3.5|Any CPU.ActiveCfg = Debug-3.5|Any CPU
		{0EACA9B4-922A-45AA-A59B-EEBAC752E9E0}.Debug-3.5|Any CPU.Build.0 = Debug-3.5|Any CPU
		{0EACA9B4-922A-45AA-A59B-EEBAC752E9E0}.Release|Any CPU.ActiveCfg = Release|Any CPU
		{0EACA9B4-922A-45AA-A59B-EEBAC752E9E0}.Release|Any CPU.Build.0 = Release|Any CPU
		{0EACA9B4-922A-45AA-A59B-EEBAC752E9E0}.Release-3.5|Any CPU.ActiveCfg = Release-3.5|Any CPU
		{0EACA9B4-922A-45AA-A59B-EEBAC752E9E0}.Release-3.5|Any CPU.Build.0 = Release-3.5|Any CPU
		{E29B5F82-9D27-4FE5-AD00-23F6D7CD06E6}.Debug|Any CPU.ActiveCfg = Debug|Any CPU
		{E29B5F82-9D27-4FE5-AD00-23F6D7CD06E6}.Debug|Any CPU.Build.0 = Debug|Any CPU
		{E29B5F82-9D27-4FE5-AD00-23F6D7CD06E6}.Debug-3.5|Any CPU.ActiveCfg = Debug|Any CPU
		{E29B5F82-9D27-4FE5-AD00-23F6D7CD06E6}.Debug-3.5|Any CPU.Build.0 = Debug|Any CPU
		{E29B5F82-9D27-4FE5-AD00-23F6D7CD06E6}.Release|Any CPU.ActiveCfg = Release|Any CPU
		{E29B5F82-9D27-4FE5-AD00-23F6D7CD06E6}.Release|Any CPU.Build.0 = Release|Any CPU
		{E29B5F82-9D27-4FE5-AD00-23F6D7CD06E6}.Release-3.5|Any CPU.ActiveCfg = Release|Any CPU
		{E29B5F82-9D27-4FE5-AD00-23F6D7CD06E6}.Release-3.5|Any CPU.Build.0 = Release|Any CPU
		{CEED064C-EE1F-48FD-A440-AE7AFF33F98E}.Debug|Any CPU.ActiveCfg = Debug|Any CPU
		{CEED064C-EE1F-48FD-A440-AE7AFF33F98E}.Debug|Any CPU.Build.0 = Debug|Any CPU
		{CEED064C-EE1F-48FD-A440-AE7AFF33F98E}.Debug-3.5|Any CPU.ActiveCfg = Debug|Any CPU
		{CEED064C-EE1F-48FD-A440-AE7AFF33F98E}.Debug-3.5|Any CPU.Build.0 = Debug|Any CPU
		{CEED064C-EE1F-48FD-A440-AE7AFF33F98E}.Release|Any CPU.ActiveCfg = Release|Any CPU
		{CEED064C-EE1F-48FD-A440-AE7AFF33F98E}.Release|Any CPU.Build.0 = Release|Any CPU
		{CEED064C-EE1F-48FD-A440-AE7AFF33F98E}.Release-3.5|Any CPU.ActiveCfg = Release|Any CPU
		{CEED064C-EE1F-48FD-A440-AE7AFF33F98E}.Release-3.5|Any CPU.Build.0 = Release|Any CPU
		{64823A76-9DA2-4D55-BBAD-4FCF522A02B4}.Debug|Any CPU.ActiveCfg = Debug|Any CPU
		{64823A76-9DA2-4D55-BBAD-4FCF522A02B4}.Debug|Any CPU.Build.0 = Debug|Any CPU
		{64823A76-9DA2-4D55-BBAD-4FCF522A02B4}.Debug-3.5|Any CPU.ActiveCfg = Debug|Any CPU
		{64823A76-9DA2-4D55-BBAD-4FCF522A02B4}.Debug-3.5|Any CPU.Build.0 = Debug|Any CPU
		{64823A76-9DA2-4D55-BBAD-4FCF522A02B4}.Release|Any CPU.ActiveCfg = Release|Any CPU
		{64823A76-9DA2-4D55-BBAD-4FCF522A02B4}.Release|Any CPU.Build.0 = Release|Any CPU
		{64823A76-9DA2-4D55-BBAD-4FCF522A02B4}.Release-3.5|Any CPU.ActiveCfg = Release|Any CPU
		{64823A76-9DA2-4D55-BBAD-4FCF522A02B4}.Release-3.5|Any CPU.Build.0 = Release|Any CPU
		{5695ADF2-1FF8-443A-B13D-B057C197ED37}.Debug|Any CPU.ActiveCfg = Debug|Any CPU
		{5695ADF2-1FF8-443A-B13D-B057C197ED37}.Debug|Any CPU.Build.0 = Debug|Any CPU
		{5695ADF2-1FF8-443A-B13D-B057C197ED37}.Debug-3.5|Any CPU.ActiveCfg = Debug|Any CPU
		{5695ADF2-1FF8-443A-B13D-B057C197ED37}.Debug-3.5|Any CPU.Build.0 = Debug|Any CPU
		{5695ADF2-1FF8-443A-B13D-B057C197ED37}.Release|Any CPU.ActiveCfg = Release|Any CPU
		{5695ADF2-1FF8-443A-B13D-B057C197ED37}.Release|Any CPU.Build.0 = Release|Any CPU
		{5695ADF2-1FF8-443A-B13D-B057C197ED37}.Release-3.5|Any CPU.ActiveCfg = Release|Any CPU
		{5695ADF2-1FF8-443A-B13D-B057C197ED37}.Release-3.5|Any CPU.Build.0 = Release|Any CPU
	EndGlobalSection
	GlobalSection(SolutionProperties) = preSolution
		HideSolutionNode = FALSE
	EndGlobalSection
	GlobalSection(MonoDevelopProperties) = preSolution
		StartupItem = src\Mono.WebServer.Fpm\Mono.WebServer.Fpm.csproj
	EndGlobalSection
EndGlobal
